<?xml version="1.0" encoding="utf-8"?>
<Project ToolsVersion="4.0" xmlns="http://schemas.microsoft.com/developer/msbuild/2003">
  <ItemGroup>
    <Filter Include="Archivos de origen">
      <UniqueIdentifier>{4FC737F1-C7A5-4376-A066-2A32D752A2FF}</UniqueIdentifier>
      <Extensions>cpp;c;cc;cxx;c++;cppm;ixx;def;odl;idl;hpj;bat;asm;asmx</Extensions>
    </Filter>
    <Filter Include="Archivos de encabezado">
      <UniqueIdentifier>{93995380-89BD-4b04-88EB-625FBE52EBFB}</UniqueIdentifier>
      <Extensions>h;hh;hpp;hxx;h++;hm;inl;inc;ipp;xsd</Extensions>
    </Filter>
    <Filter Include="Archivos de recursos">
      <UniqueIdentifier>{67DA6AB6-F800-4c08-8B7A-83BB121AAD01}</UniqueIdentifier>
      <Extensions>rc;ico;cur;bmp;dlg;rc2;rct;bin;rgs;gif;jpg;jpeg;jpe;resx;tiff;tif;png;wav;mfcribbon-ms</Extensions>
    </Filter>
    <Filter Include="GameManager">
      <UniqueIdentifier>{89619c96-d34a-4b3f-a084-c9ef8f4c7315}</UniqueIdentifier>
    </Filter>
    <Filter Include="Menu">
      <UniqueIdentifier>{5825e189-1950-49f0-9641-3d95a07fbb07}</UniqueIdentifier>
    </Filter>
    <Filter Include="Gameplay">
      <UniqueIdentifier>{e2546144-96f8-4637-a8bd-5ba5f81c146a}</UniqueIdentifier>
    </Filter>
    <Filter Include="Creditos">
      <UniqueIdentifier>{32150f94-b918-4d55-980f-bed23df3c988}</UniqueIdentifier>
    </Filter>
    <Filter Include="Player">
      <UniqueIdentifier>{3c0d497f-51d9-41a3-b47b-0535834dc7bd}</UniqueIdentifier>
    </Filter>
    <Filter Include="Backgorund">
      <UniqueIdentifier>{b6e9b92f-2f0d-44af-91ff-ca3346e87297}</UniqueIdentifier>
    </Filter>
  </ItemGroup>
  <ItemGroup>
    <ClCompile Include="Main.cpp">
      <Filter>Archivos de origen</Filter>
    </ClCompile>
    <ClCompile Include="game.cpp">
      <Filter>GameManager</Filter>
    </ClCompile>
    <ClCompile Include="menu.cpp">
      <Filter>Menu</Filter>
    </ClCompile>
    <ClCompile Include="credits.cpp">
      <Filter>Creditos</Filter>
    </ClCompile>
    <ClCompile Include="gameplay.cpp">
      <Filter>Gameplay</Filter>
    </ClCompile>
    <ClCompile Include="player.cpp">
      <Filter>Player</Filter>
    </ClCompile>
    <ClCompile Include="paralax.cpp">
      <Filter>Backgorund</Filter>
    </ClCompile>
  </ItemGroup>
  <ItemGroup>
    <ClInclude Include="game.h">
      <Filter>GameManager</Filter>
    </ClInclude>
    <ClInclude Include="menu.h">
      <Filter>Menu</Filter>
    </ClInclude>
    <ClInclude Include="credits.h">
      <Filter>Creditos</Filter>
    </ClInclude>
    <ClInclude Include="gameplay.h">
      <Filter>Gameplay</Filter>
    </ClInclude>
    <ClInclude Include="enums.h">
      <Filter>Archivos de origen</Filter>
    </ClInclude>
    <ClInclude Include="player.h">
      <Filter>Player</Filter>
    </ClInclude>
    <ClInclude Include="paralax.h">
      <Filter>Backgorund</Filter>
    </ClInclude>
  </ItemGroup>
</Project>